
Microsoft Visual Studio Solution File, Format Version 12.00
# Visual Studio Version 17
VisualStudioVersion = 17.5.33627.172
MinimumVisualStudioVersion = 10.0.40219.1
Project("{FAE04EC0-301F-11D3-BF4B-00C04F79EFBC}") = "TelegramUI", "TelegramUI\TelegramUI.csproj", "{ADD584A0-47CB-4195-AC6D-54E620A59A68}"
EndProject
Global
	GlobalSection(SolutionConfigurationPlatforms) = preSolution
		Debug|Any CPU = Debug|Any CPU
		Release|Any CPU = Release|Any CPU
	EndGlobalSection
	GlobalSection(ProjectConfigurationPlatforms) = postSolution
		{ADD584A0-47CB-4195-AC6D-54E620A59A68}.Debug|Any CPU.ActiveCfg = Debug|Any CPU
		{ADD584A0-47CB-4195-AC6D-54E620A59A68}.Debug|Any CPU.Build.0 = Debug|Any CPU
		{ADD584A0-47CB-4195-AC6D-54E620A59A68}.Release|Any CPU.ActiveCfg = Release|Any CPU
		{ADD584A0-47CB-4195-AC6D-54E620A59A68}.Release|Any CPU.Build.0 = Release|Any CPU
	EndGlobalSection
	GlobalSection(SolutionProperties) = preSolution
		HideSolutionNode = FALSE
	EndGlobalSection
	GlobalSection(ExtensibilityGlobals) = postSolution
		SolutionGuid = {1AE67ED0-B2C7-411A-AE5A-70328C512480}
	EndGlobalSection
EndGlobal
